
Microsoft Visual Studio Solution File, Format Version 12.00
# Visual Studio Version 16
VisualStudioVersion = 16.0.32126.315
MinimumVisualStudioVersion = 10.0.40219.1
Project("{8BC9CEB8-8B4A-11D0-8D11-00A0C91BC942}") = "Lab02", "Lab02\Lab02.vcxproj", "{062E2D75-8D6B-4EAD-97C3-62651F3180F2}"
EndProject
Global
	GlobalSection(SolutionConfigurationPlatforms) = preSolution
		Debug|x64 = Debug|x64
		Debug|x86 = Debug|x86
		Release|x64 = Release|x64
		Release|x86 = Release|x86
	EndGlobalSection
	GlobalSection(ProjectConfigurationPlatforms) = postSolution
		{062E2D75-8D6B-4EAD-97C3-62651F3180F2}.Debug|x64.ActiveCfg = Debug|x64
		{062E2D75-8D6B-4EAD-97C3-62651F3180F2}.Debug|x64.Build.0 = Debug|x64
		{062E2D75-8D6B-4EAD-97C3-62651F3180F2}.Debug|x86.ActiveCfg = Debug|Win32
		{062E2D75-8D6B-4EAD-97C3-62651F3180F2}.Debug|x86.Build.0 = Debug|Win32
		{062E2D75-8D6B-4EAD-97C3-62651F3180F2}.Release|x64.ActiveCfg = Release|x64
		{062E2D75-8D6B-4EAD-97C3-62651F3180F2}.Release|x64.Build.0 = Release|x64
		{062E2D75-8D6B-4EAD-97C3-62651F3180F2}.Release|x86.ActiveCfg = Release|Win32
		{062E2D75-8D6B-4EAD-97C3-62651F3180F2}.Release|x86.Build.0 = Release|Win32
	EndGlobalSection
	GlobalSection(SolutionProperties) = preSolution
		HideSolutionNode = FALSE
	EndGlobalSection
	GlobalSection(ExtensibilityGlobals) = postSolution
		SolutionGuid = {6CA15DE0-3AC4-4C46-B4F5-663C0B29A2DE}
	EndGlobalSection
EndGlobal
