
Microsoft Visual Studio Solution File, Format Version 12.00
# Visual Studio Version 16
VisualStudioVersion = 16.0.32126.315
MinimumVisualStudioVersion = 10.0.40219.1
Project("{8BC9CEB8-8B4A-11D0-8D11-00A0C91BC942}") = "Lab01", "Lab01\Lab01.vcxproj", "{93EB1BE7-CDD9-42DE-8CE1-85C5642A315E}"
EndProject
Global
	GlobalSection(SolutionConfigurationPlatforms) = preSolution
		Debug|x64 = Debug|x64
		Debug|x86 = Debug|x86
		Release|x64 = Release|x64
		Release|x86 = Release|x86
	EndGlobalSection
	GlobalSection(ProjectConfigurationPlatforms) = postSolution
		{93EB1BE7-CDD9-42DE-8CE1-85C5642A315E}.Debug|x64.ActiveCfg = Debug|x64
		{93EB1BE7-CDD9-42DE-8CE1-85C5642A315E}.Debug|x64.Build.0 = Debug|x64
		{93EB1BE7-CDD9-42DE-8CE1-85C5642A315E}.Debug|x86.ActiveCfg = Debug|Win32
		{93EB1BE7-CDD9-42DE-8CE1-85C5642A315E}.Debug|x86.Build.0 = Debug|Win32
		{93EB1BE7-CDD9-42DE-8CE1-85C5642A315E}.Release|x64.ActiveCfg = Release|x64
		{93EB1BE7-CDD9-42DE-8CE1-85C5642A315E}.Release|x64.Build.0 = Release|x64
		{93EB1BE7-CDD9-42DE-8CE1-85C5642A315E}.Release|x86.ActiveCfg = Release|Win32
		{93EB1BE7-CDD9-42DE-8CE1-85C5642A315E}.Release|x86.Build.0 = Release|Win32
	EndGlobalSection
	GlobalSection(SolutionProperties) = preSolution
		HideSolutionNode = FALSE
	EndGlobalSection
	GlobalSection(ExtensibilityGlobals) = postSolution
		SolutionGuid = {73AC5554-1409-44CD-8218-C1015C2EC9CC}
	EndGlobalSection
EndGlobal
